// !$*UTF8*$!
{
	archiveVersion = 1;
	classes = {
	};
	objectVersion = 46;
	objects = {

/* Begin PBXBuildFile section */
		845E125A1B71FE6600503273 /* EventsTableViewController.swift in Sources */ = {isa = PBXBuildFile; fileRef = 845E12591B71FE6600503273 /* EventsTableViewController.swift */; };
		845E125C1B7209FA00503273 /* Event.swift in Sources */ = {isa = PBXBuildFile; fileRef = 845E125B1B7209FA00503273 /* Event.swift */; };
		845E125E1B720B1D00503273 /* EventCell.swift in Sources */ = {isa = PBXBuildFile; fileRef = 845E125D1B720B1D00503273 /* EventCell.swift */; };
		84B3CC071B70EF2300E86CBC /* AppDelegate.swift in Sources */ = {isa = PBXBuildFile; fileRef = 84B3CC061B70EF2300E86CBC /* AppDelegate.swift */; };
		84B3CC091B70EF2300E86CBC /* ViewController.swift in Sources */ = {isa = PBXBuildFile; fileRef = 84B3CC081B70EF2300E86CBC /* ViewController.swift */; };
		84B3CC0C1B70EF2300E86CBC /* Main.storyboard in Resources */ = {isa = PBXBuildFile; fileRef = 84B3CC0A1B70EF2300E86CBC /* Main.storyboard */; };
		84B3CC0E1B70EF2300E86CBC /* Images.xcassets in Resources */ = {isa = PBXBuildFile; fileRef = 84B3CC0D1B70EF2300E86CBC /* Images.xcassets */; };
		84B3CC111B70EF2300E86CBC /* LaunchScreen.xib in Resources */ = {isa = PBXBuildFile; fileRef = 84B3CC0F1B70EF2300E86CBC /* LaunchScreen.xib */; };
		84B3CC1D1B70EF2300E86CBC /* eventfulTests.swift in Sources */ = {isa = PBXBuildFile; fileRef = 84B3CC1C1B70EF2300E86CBC /* eventfulTests.swift */; };
/* End PBXBuildFile section */

/* Begin PBXContainerItemProxy section */
		84B3CC171B70EF2300E86CBC /* PBXContainerItemProxy */ = {
			isa = PBXContainerItemProxy;
			containerPortal = 84B3CBF91B70EF2200E86CBC /* Project object */;
			proxyType = 1;
			remoteGlobalIDString = 84B3CC001B70EF2300E86CBC;
			remoteInfo = eventful;
		};
/* End PBXContainerItemProxy section */

/* Begin PBXFileReference section */
		845E12591B71FE6600503273 /* EventsTableViewController.swift */ = {isa = PBXFileReference; fileEncoding = 4; lastKnownFileType = sourcecode.swift; path = EventsTableViewController.swift; sourceTree = "<group>"; };
		845E125B1B7209FA00503273 /* Event.swift */ = {isa = PBXFileReference; fileEncoding = 4; lastKnownFileType = sourcecode.swift; path = Event.swift; sourceTree = "<group>"; };
		845E125D1B720B1D00503273 /* EventCell.swift */ = {isa = PBXFileReference; fileEncoding = 4; lastKnownFileType = sourcecode.swift; path = EventCell.swift; sourceTree = "<group>"; };
		84B3CC011B70EF2300E86CBC /* eventful.app */ = {isa = PBXFileReference; explicitFileType = wrapper.application; includeInIndex = 0; path = eventful.app; sourceTree = BUILT_PRODUCTS_DIR; };
		84B3CC051B70EF2300E86CBC /* Info.plist */ = {isa = PBXFileReference; lastKnownFileType = text.plist.xml; path = Info.plist; sourceTree = "<group>"; };
		84B3CC061B70EF2300E86CBC /* AppDelegate.swift */ = {isa = PBXFileReference; lastKnownFileType = sourcecode.swift; path = AppDelegate.swift; sourceTree = "<group>"; };
		84B3CC081B70EF2300E86CBC /* ViewController.swift */ = {isa = PBXFileReference; lastKnownFileType = sourcecode.swift; path = ViewController.swift; sourceTree = "<group>"; };
		84B3CC0B1B70EF2300E86CBC /* Base */ = {isa = PBXFileReference; lastKnownFileType = file.storyboard; name = Base; path = Base.lproj/Main.storyboard; sourceTree = "<group>"; };
		84B3CC0D1B70EF2300E86CBC /* Images.xcassets */ = {isa = PBXFileReference; lastKnownFileType = folder.assetcatalog; path = Images.xcassets; sourceTree = "<group>"; };
		84B3CC101B70EF2300E86CBC /* Base */ = {isa = PBXFileReference; lastKnownFileType = file.xib; name = Base; path = Base.lproj/LaunchScreen.xib; sourceTree = "<group>"; };
		84B3CC161B70EF2300E86CBC /* eventfulTests.xctest */ = {isa = PBXFileReference; explicitFileType = wrapper.cfbundle; includeInIndex = 0; path = eventfulTests.xctest; sourceTree = BUILT_PRODUCTS_DIR; };
		84B3CC1B1B70EF2300E86CBC /* Info.plist */ = {isa = PBXFileReference; lastKnownFileType = text.plist.xml; path = Info.plist; sourceTree = "<group>"; };
		84B3CC1C1B70EF2300E86CBC /* eventfulTests.swift */ = {isa = PBXFileReference; lastKnownFileType = sourcecode.swift; path = eventfulTests.swift; sourceTree = "<group>"; };
/* End PBXFileReference section */

/* Begin PBXFrameworksBuildPhase section */
		84B3CBFE1B70EF2300E86CBC /* Frameworks */ = {
			isa = PBXFrameworksBuildPhase;
			buildActionMask = 2147483647;
			files = (
			);
			runOnlyForDeploymentPostprocessing = 0;
		};
		84B3CC131B70EF2300E86CBC /* Frameworks */ = {
			isa = PBXFrameworksBuildPhase;
			buildActionMask = 2147483647;
			files = (
			);
			runOnlyForDeploymentPostprocessing = 0;
		};
/* End PBXFrameworksBuildPhase section */

/* Begin PBXGroup section */
		84B3CBF81B70EF2200E86CBC = {
			isa = PBXGroup;
			children = (
				84B3CC031B70EF2300E86CBC /* eventful */,
				84B3CC191B70EF2300E86CBC /* eventfulTests */,
				84B3CC021B70EF2300E86CBC /* Products */,
			);
			sourceTree = "<group>";
		};
		84B3CC021B70EF2300E86CBC /* Products */ = {
			isa = PBXGroup;
			children = (
				84B3CC011B70EF2300E86CBC /* eventful.app */,
				84B3CC161B70EF2300E86CBC /* eventfulTests.xctest */,
			);
			name = Products;
			sourceTree = "<group>";
		};
		84B3CC031B70EF2300E86CBC /* eventful */ = {
			isa = PBXGroup;
			children = (
				84B3CC061B70EF2300E86CBC /* AppDelegate.swift */,
				84B3CC081B70EF2300E86CBC /* ViewController.swift */,
				845E12591B71FE6600503273 /* EventsTableViewController.swift */,
				845E125D1B720B1D00503273 /* EventCell.swift */,
				845E125B1B7209FA00503273 /* Event.swift */,
				84B3CC0A1B70EF2300E86CBC /* Main.storyboard */,
				84B3CC0D1B70EF2300E86CBC /* Images.xcassets */,
				84B3CC0F1B70EF2300E86CBC /* LaunchScreen.xib */,
				84B3CC041B70EF2300E86CBC /* Supporting Files */,
			);
			path = eventful;
			sourceTree = "<group>";
		};
		84B3CC041B70EF2300E86CBC /* Supporting Files */ = {
			isa = PBXGroup;
			children = (
				84B3CC051B70EF2300E86CBC /* Info.plist */,
			);
			name = "Supporting Files";
			sourceTree = "<group>";
		};
		84B3CC191B70EF2300E86CBC /* eventfulTests */ = {
			isa = PBXGroup;
			children = (
				84B3CC1C1B70EF2300E86CBC /* eventfulTests.swift */,
				84B3CC1A1B70EF2300E86CBC /* Supporting Files */,
			);
			path = eventfulTests;
			sourceTree = "<group>";
		};
		84B3CC1A1B70EF2300E86CBC /* Supporting Files */ = {
			isa = PBXGroup;
			children = (
				84B3CC1B1B70EF2300E86CBC /* Info.plist */,
			);
			name = "Supporting Files";
			sourceTree = "<group>";
		};
/* End PBXGroup section */

/* Begin PBXNativeTarget section */
		84B3CC001B70EF2300E86CBC /* eventful */ = {
			isa = PBXNativeTarget;
			buildConfigurationList = 84B3CC201B70EF2300E86CBC /* Build configuration list for PBXNativeTarget "eventful" */;
			buildPhases = (
				84B3CBFD1B70EF2300E86CBC /* Sources */,
				84B3CBFE1B70EF2300E86CBC /* Frameworks */,
				84B3CBFF1B70EF2300E86CBC /* Resources */,
			);
			buildRules = (
			);
			dependencies = (
			);
			name = eventful;
			productName = eventful;
			productReference = 84B3CC011B70EF2300E86CBC /* eventful.app */;
			productType = "com.apple.product-type.application";
		};
		84B3CC151B70EF2300E86CBC /* eventfulTests */ = {
			isa = PBXNativeTarget;
			buildConfigurationList = 84B3CC231B70EF2300E86CBC /* Build configuration list for PBXNativeTarget "eventfulTests" */;
			buildPhases = (
				84B3CC121B70EF2300E86CBC /* Sources */,
				84B3CC131B70EF2300E86CBC /* Frameworks */,
				84B3CC141B70EF2300E86CBC /* Resources */,
			);
			buildRules = (
			);
			dependencies = (
				84B3CC181B70EF2300E86CBC /* PBXTargetDependency */,
			);
			name = eventfulTests;
			productName = eventfulTests;
			productReference = 84B3CC161B70EF2300E86CBC /* eventfulTests.xctest */;
			productType = "com.apple.product-type.bundle.unit-test";
		};
/* End PBXNativeTarget section */

/* Begin PBXProject section */
		84B3CBF91B70EF2200E86CBC /* Project object */ = {
			isa = PBXProject;
			attributes = {
				LastUpgradeCheck = 0640;
				ORGANIZATIONNAME = "Oded Harth";
				TargetAttributes = {
					84B3CC001B70EF2300E86CBC = {
						CreatedOnToolsVersion = 6.4;
						DevelopmentTeam = SQM2V364MZ;
					};
					84B3CC151B70EF2300E86CBC = {
						CreatedOnToolsVersion = 6.4;
						TestTargetID = 84B3CC001B70EF2300E86CBC;
					};
				};
			};
			buildConfigurationList = 84B3CBFC1B70EF2200E86CBC /* Build configuration list for PBXProject "eventful" */;
			compatibilityVersion = "Xcode 3.2";
			developmentRegion = English;
			hasScannedForEncodings = 0;
			knownRegions = (
				en,
				Base,
			);
			mainGroup = 84B3CBF81B70EF2200E86CBC;
			productRefGroup = 84B3CC021B70EF2300E86CBC /* Products */;
			projectDirPath = "";
			projectRoot = "";
			targets = (
				84B3CC001B70EF2300E86CBC /* eventful */,
				84B3CC151B70EF2300E86CBC /* eventfulTests */,
			);
		};
/* End PBXProject section */

/* Begin PBXResourcesBuildPhase section */
		84B3CBFF1B70EF2300E86CBC /* Resources */ = {
			isa = PBXResourcesBuildPhase;
			buildActionMask = 2147483647;
			files = (
				84B3CC0C1B70EF2300E86CBC /* Main.storyboard in Resources */,
				84B3CC111B70EF2300E86CBC /* LaunchScreen.xib in Resources */,
				84B3CC0E1B70EF2300E86CBC /* Images.xcassets in Resources */,
			);
			runOnlyForDeploymentPostprocessing = 0;
		};
		84B3CC141B70EF2300E86CBC /* Resources */ = {
			isa = PBXResourcesBuildPhase;
			buildActionMask = 2147483647;
			files = (
			);
			runOnlyForDeploymentPostprocessing = 0;
		};
/* End PBXResourcesBuildPhase section */

/* Begin PBXSourcesBuildPhase section */
		84B3CBFD1B70EF2300E86CBC /* Sources */ = {
			isa = PBXSourcesBuildPhase;
			buildActionMask = 2147483647;
			files = (
				845E125C1B7209FA00503273 /* Event.swift in Sources */,
				84B3CC091B70EF2300E86CBC /* ViewController.swift in Sources */,
				845E125E1B720B1D00503273 /* EventCell.swift in Sources */,
				84B3CC071B70EF2300E86CBC /* AppDelegate.swift in Sources */,
				845E125A1B71FE6600503273 /* EventsTableViewController.swift in Sources */,
			);
			runOnlyForDeploymentPostprocessing = 0;
		};
		84B3CC121B70EF2300E86CBC /* Sources */ = {
			isa = PBXSourcesBuildPhase;
			buildActionMask = 2147483647;
			files = (
				84B3CC1D1B70EF2300E86CBC /* eventfulTests.swift in Sources */,
			);
			runOnlyForDeploymentPostprocessing = 0;
		};
/* End PBXSourcesBuildPhase section */

/* Begin PBXTargetDependency section */
		84B3CC181B70EF2300E86CBC /* PBXTargetDependency */ = {
			isa = PBXTargetDependency;
			target = 84B3CC001B70EF2300E86CBC /* eventful */;
			targetProxy = 84B3CC171B70EF2300E86CBC /* PBXContainerItemProxy */;
		};
/* End PBXTargetDependency section */

/* Begin PBXVariantGroup section */
		84B3CC0A1B70EF2300E86CBC /* Main.storyboard */ = {
			isa = PBXVariantGroup;
			children = (
				84B3CC0B1B70EF2300E86CBC /* Base */,
			);
			name = Main.storyboard;
			sourceTree = "<group>";
		};
		84B3CC0F1B70EF2300E86CBC /* LaunchScreen.xib */ = {
			isa = PBXVariantGroup;
			children = (
				84B3CC101B70EF2300E86CBC /* Base */,
			);
			name = LaunchScreen.xib;
			sourceTree = "<group>";
		};
/* End PBXVariantGroup section */

/* Begin XCBuildConfiguration section */
		84B3CC1E1B70EF2300E86CBC /* Debug */ = {
			isa = XCBuildConfiguration;
			buildSettings = {
				ALWAYS_SEARCH_USER_PATHS = NO;
				CLANG_CXX_LANGUAGE_STANDARD = "gnu++0x";
				CLANG_CXX_LIBRARY = "libc++";
				CLANG_ENABLE_MODULES = YES;
				CLANG_ENABLE_OBJC_ARC = YES;
				CLANG_WARN_BOOL_CONVERSION = YES;
				CLANG_WARN_CONSTANT_CONVERSION = YES;
				CLANG_WARN_DIRECT_OBJC_ISA_USAGE = YES_ERROR;
				CLANG_WARN_EMPTY_BODY = YES;
				CLANG_WARN_ENUM_CONVERSION = YES;
				CLANG_WARN_INT_CONVERSION = YES;
				CLANG_WARN_OBJC_ROOT_CLASS = YES_ERROR;
				CLANG_WARN_UNREACHABLE_CODE = YES;
				CLANG_WARN__DUPLICATE_METHOD_MATCH = YES;
				"CODE_SIGN_IDENTITY[sdk=iphoneos*]" = "iPhone Developer";
				COPY_PHASE_STRIP = NO;
				DEBUG_INFORMATION_FORMAT = "dwarf-with-dsym";
				ENABLE_STRICT_OBJC_MSGSEND = YES;
				GCC_C_LANGUAGE_STANDARD = gnu99;
				GCC_DYNAMIC_NO_PIC = NO;
				GCC_NO_COMMON_BLOCKS = YES;
				GCC_OPTIMIZATION_LEVEL = 0;
				GCC_PREPROCESSOR_DEFINITIONS = (
					"DEBUG=1",
					"$(inherited)",
				);
				GCC_SYMBOLS_PRIVATE_EXTERN = NO;
				GCC_WARN_64_TO_32_BIT_CONVERSION = YES;
				GCC_WARN_ABOUT_RETURN_TYPE = YES_ERROR;
				GCC_WARN_UNDECLARED_SELECTOR = YES;
				GCC_WARN_UNINITIALIZED_AUTOS = YES_AGGRESSIVE;
				GCC_WARN_UNUSED_FUNCTION = YES;
				GCC_WARN_UNUSED_VARIABLE = YES;
				IPHONEOS_DEPLOYMENT_TARGET = 8.4;
				MTL_ENABLE_DEBUG_INFO = YES;
				ONLY_ACTIVE_ARCH = YES;
				SDKROOT = iphoneos;
				SWIFT_OPTIMIZATION_LEVEL = "-Onone";
			};
			name = Debug;
		};
		84B3CC1F1B70EF2300E86CBC /* Release */ = {
			isa = XCBuildConfiguration;
			buildSettings = {
				ALWAYS_SEARCH_USER_PATHS = NO;
				CLANG_CXX_LANGUAGE_STANDARD = "gnu++0x";
				CLANG_CXX_LIBRARY = "libc++";
				CLANG_ENABLE_MODULES = YES;
				CLANG_ENABLE_OBJC_ARC = YES;
				CLANG_WARN_BOOL_CONVERSION = YES;
				CLANG_WARN_CONSTANT_CONVERSION = YES;
				CLANG_WARN_DIRECT_OBJC_ISA_USAGE = YES_ERROR;
				CLANG_WARN_EMPTY_BODY = YES;
				CLANG_WARN_ENUM_CONVERSION = YES;
				CLANG_WARN_INT_CONVERSION = YES;
				CLANG_WARN_OBJC_ROOT_CLASS = YES_ERROR;
				CLANG_WARN_UNREACHABLE_CODE = YES;
				CLANG_WARN__DUPLICATE_METHOD_MATCH = YES;
				"CODE_SIGN_IDENTITY[sdk=iphoneos*]" = "iPhone Developer";
				COPY_PHASE_STRIP = NO;
				DEBUG_INFORMATION_FORMAT = "dwarf-with-dsym";
				ENABLE_NS_ASSERTIONS = NO;
				ENABLE_STRICT_OBJC_MSGSEND = YES;
				GCC_C_LANGUAGE_STANDARD = gnu99;
				GCC_NO_COMMON_BLOCKS = YES;
				GCC_WARN_64_TO_32_BIT_CONVERSION = YES;
				GCC_WARN_ABOUT_RETURN_TYPE = YES_ERROR;
				GCC_WARN_UNDECLARED_SELECTOR = YES;
				GCC_WARN_UNINITIALIZED_AUTOS = YES_AGGRESSIVE;
				GCC_WARN_UNUSED_FUNCTION = YES;
				GCC_WARN_UNUSED_VARIABLE = YES;
				IPHONEOS_DEPLOYMENT_TARGET = 8.4;
				MTL_ENABLE_DEBUG_INFO = NO;
				SDKROOT = iphoneos;
				VALIDATE_PRODUCT = YES;
			};
			name = Release;
		};
		84B3CC211B70EF2300E86CBC /* Debug */ = {
			isa = XCBuildConfiguration;
			buildSettings = {
				ASSETCATALOG_COMPILER_APPICON_NAME = AppIcon;
				CODE_SIGN_IDENTITY = "iPhone Developer";
				"CODE_SIGN_IDENTITY[sdk=iphoneos*]" = "iPhone Developer";
				INFOPLIST_FILE = eventful/Info.plist;
				LD_RUNPATH_SEARCH_PATHS = "$(inherited) @executable_path/Frameworks";
				PRODUCT_NAME = "$(TARGET_NAME)";
				PROVISIONING_PROFILE = "";
			};
			name = Debug;
		};
		84B3CC221B70EF2300E86CBC /* Release */ = {
			isa = XCBuildConfiguration;
			buildSettings = {
				ASSETCATALOG_COMPILER_APPICON_NAME = AppIcon;
				CODE_SIGN_IDENTITY = "iPhone Developer";
				"CODE_SIGN_IDENTITY[sdk=iphoneos*]" = "iPhone Developer";
				INFOPLIST_FILE = eventful/Info.plist;
				LD_RUNPATH_SEARCH_PATHS = "$(inherited) @executable_path/Frameworks";
				PRODUCT_NAME = "$(TARGET_NAME)";
				PROVISIONING_PROFILE = "";
			};
			name = Release;
		};
		84B3CC241B70EF2300E86CBC /* Debug */ = {
			isa = XCBuildConfiguration;
			buildSettings = {
				BUNDLE_LOADER = "$(TEST_HOST)";
				FRAMEWORK_SEARCH_PATHS = (
					"$(SDKROOT)/Developer/Library/Frameworks",
					"$(inherited)",
				);
				GCC_PREPROCESSOR_DEFINITIONS = (
					"DEBUG=1",
					"$(inherited)",
				);
				INFOPLIST_FILE = eventfulTests/Info.plist;
				LD_RUNPATH_SEARCH_PATHS = "$(inherited) @executable_path/Frameworks @loader_path/Frameworks";
				PRODUCT_NAME = "$(TARGET_NAME)";
				TEST_HOST = "$(BUILT_PRODUCTS_DIR)/eventful.app/eventful";
			};
			name = Debug;
		};
		84B3CC251B70EF2300E86CBC /* Release */ = {
			isa = XCBuildConfiguration;
			buildSettings = {
				BUNDLE_LOADER = "$(TEST_HOST)";
				FRAMEWORK_SEARCH_PATHS = (
					"$(SDKROOT)/Developer/Library/Frameworks",
					"$(inherited)",
				);
				INFOPLIST_FILE = eventfulTests/Info.plist;
				LD_RUNPATH_SEARCH_PATHS = "$(inherited) @executable_path/Frameworks @loader_path/Frameworks";
				PRODUCT_NAME = "$(TARGET_NAME)";
				TEST_HOST = "$(BUILT_PRODUCTS_DIR)/eventful.app/eventful";
			};
			name = Release;
		};
/* End XCBuildConfiguration section */

/* Begin XCConfigurationList section */
		84B3CBFC1B70EF2200E86CBC /* Build configuration list for PBXProject "eventful" */ = {
			isa = XCConfigurationList;
			buildConfigurations = (
				84B3CC1E1B70EF2300E86CBC /* Debug */,
				84B3CC1F1B70EF2300E86CBC /* Release */,
			);
			defaultConfigurationIsVisible = 0;
			defaultConfigurationName = Release;
		};
		84B3CC201B70EF2300E86CBC /* Build configuration list for PBXNativeTarget "eventful" */ = {
			isa = XCConfigurationList;
			buildConfigurations = (
				84B3CC211B70EF2300E86CBC /* Debug */,
				84B3CC221B70EF2300E86CBC /* Release */,
			);
			defaultConfigurationIsVisible = 0;
			defaultConfigurationName = Release;
		};
		84B3CC231B70EF2300E86CBC /* Build configuration list for PBXNativeTarget "eventfulTests" */ = {
			isa = XCConfigurationList;
			buildConfigurations = (
				84B3CC241B70EF2300E86CBC /* Debug */,
				84B3CC251B70EF2300E86CBC /* Release */,
			);
			defaultConfigurationIsVisible = 0;
			defaultConfigurationName = Release;
		};
/* End XCConfigurationList section */
	};
	rootObject = 84B3CBF91B70EF2200E86CBC /* Project object */;
}
